
Microsoft Visual Studio Solution File, Format Version 12.00
# TcXaeShell Solution File, Format Version 11.00
VisualStudioVersion = 17.7.34302.85
MinimumVisualStudioVersion = 10.0.40219.1
Project("{B1E792BE-AA5F-4E3C-8C82-674BF9C0715B}") = "TF6105_OpcUa_PubSub_Udp_Sample", "TF6105_OpcUa_PubSub_Udp_Sample\TF6105_OpcUa_PubSub_Udp_Sample.tsproj", "{C85DAD66-F852-43D3-B71E-B133ED9D332F}"
EndProject
Global
	GlobalSection(SolutionConfigurationPlatforms) = preSolution
		Debug|TwinCAT OS (ARMV7-A) = Debug|TwinCAT OS (ARMV7-A)
		Debug|TwinCAT OS (ARMV7-M) = Debug|TwinCAT OS (ARMV7-M)
		Debug|TwinCAT OS (ARMV8-A) = Debug|TwinCAT OS (ARMV8-A)
		Debug|TwinCAT OS (x64) = Debug|TwinCAT OS (x64)
		Debug|TwinCAT RT (x64) = Debug|TwinCAT RT (x64)
		Debug|TwinCAT RT (x86) = Debug|TwinCAT RT (x86)
		Release|TwinCAT OS (ARMV7-A) = Release|TwinCAT OS (ARMV7-A)
		Release|TwinCAT OS (ARMV7-M) = Release|TwinCAT OS (ARMV7-M)
		Release|TwinCAT OS (ARMV8-A) = Release|TwinCAT OS (ARMV8-A)
		Release|TwinCAT OS (x64) = Release|TwinCAT OS (x64)
		Release|TwinCAT RT (x64) = Release|TwinCAT RT (x64)
		Release|TwinCAT RT (x86) = Release|TwinCAT RT (x86)
	EndGlobalSection
	GlobalSection(ProjectConfigurationPlatforms) = postSolution
		{C85DAD66-F852-43D3-B71E-B133ED9D332F}.Debug|TwinCAT OS (ARMV7-A).ActiveCfg = Debug|TwinCAT OS (ARMV7-A)
		{C85DAD66-F852-43D3-B71E-B133ED9D332F}.Debug|TwinCAT OS (ARMV7-A).Build.0 = Debug|TwinCAT OS (ARMV7-A)
		{C85DAD66-F852-43D3-B71E-B133ED9D332F}.Debug|TwinCAT OS (ARMV7-M).ActiveCfg = Debug|TwinCAT OS (ARMV7-M)
		{C85DAD66-F852-43D3-B71E-B133ED9D332F}.Debug|TwinCAT OS (ARMV7-M).Build.0 = Debug|TwinCAT OS (ARMV7-M)
		{C85DAD66-F852-43D3-B71E-B133ED9D332F}.Debug|TwinCAT OS (ARMV8-A).ActiveCfg = Debug|TwinCAT OS (ARMV8-A)
		{C85DAD66-F852-43D3-B71E-B133ED9D332F}.Debug|TwinCAT OS (ARMV8-A).Build.0 = Debug|TwinCAT OS (ARMV8-A)
		{C85DAD66-F852-43D3-B71E-B133ED9D332F}.Debug|TwinCAT OS (x64).ActiveCfg = Debug|TwinCAT OS (x64)
		{C85DAD66-F852-43D3-B71E-B133ED9D332F}.Debug|TwinCAT OS (x64).Build.0 = Debug|TwinCAT OS (x64)
		{C85DAD66-F852-43D3-B71E-B133ED9D332F}.Debug|TwinCAT RT (x64).ActiveCfg = Debug|TwinCAT RT (x64)
		{C85DAD66-F852-43D3-B71E-B133ED9D332F}.Debug|TwinCAT RT (x64).Build.0 = Debug|TwinCAT RT (x64)
		{C85DAD66-F852-43D3-B71E-B133ED9D332F}.Debug|TwinCAT RT (x86).ActiveCfg = Debug|TwinCAT RT (x86)
		{C85DAD66-F852-43D3-B71E-B133ED9D332F}.Debug|TwinCAT RT (x86).Build.0 = Debug|TwinCAT RT (x86)
		{C85DAD66-F852-43D3-B71E-B133ED9D332F}.Release|TwinCAT OS (ARMV7-A).ActiveCfg = Release|TwinCAT OS (ARMV7-A)
		{C85DAD66-F852-43D3-B71E-B133ED9D332F}.Release|TwinCAT OS (ARMV7-A).Build.0 = Release|TwinCAT OS (ARMV7-A)
		{C85DAD66-F852-43D3-B71E-B133ED9D332F}.Release|TwinCAT OS (ARMV7-M).ActiveCfg = Release|TwinCAT OS (ARMV7-M)
		{C85DAD66-F852-43D3-B71E-B133ED9D332F}.Release|TwinCAT OS (ARMV7-M).Build.0 = Release|TwinCAT OS (ARMV7-M)
		{C85DAD66-F852-43D3-B71E-B133ED9D332F}.Release|TwinCAT OS (ARMV8-A).ActiveCfg = Release|TwinCAT OS (ARMV8-A)
		{C85DAD66-F852-43D3-B71E-B133ED9D332F}.Release|TwinCAT OS (ARMV8-A).Build.0 = Release|TwinCAT OS (ARMV8-A)
		{C85DAD66-F852-43D3-B71E-B133ED9D332F}.Release|TwinCAT OS (x64).ActiveCfg = Release|TwinCAT OS (x64)
		{C85DAD66-F852-43D3-B71E-B133ED9D332F}.Release|TwinCAT OS (x64).Build.0 = Release|TwinCAT OS (x64)
		{C85DAD66-F852-43D3-B71E-B133ED9D332F}.Release|TwinCAT RT (x64).ActiveCfg = Release|TwinCAT RT (x64)
		{C85DAD66-F852-43D3-B71E-B133ED9D332F}.Release|TwinCAT RT (x64).Build.0 = Release|TwinCAT RT (x64)
		{C85DAD66-F852-43D3-B71E-B133ED9D332F}.Release|TwinCAT RT (x86).ActiveCfg = Release|TwinCAT RT (x86)
		{C85DAD66-F852-43D3-B71E-B133ED9D332F}.Release|TwinCAT RT (x86).Build.0 = Release|TwinCAT RT (x86)
		{DD13A3C3-A52D-427B-9C28-DEEA7FCB563F}.Debug|TwinCAT OS (ARMV7-A).ActiveCfg = Debug|TwinCAT OS (ARMV7-A)
		{DD13A3C3-A52D-427B-9C28-DEEA7FCB563F}.Debug|TwinCAT OS (ARMV7-A).Build.0 = Debug|TwinCAT OS (ARMV7-A)
		{DD13A3C3-A52D-427B-9C28-DEEA7FCB563F}.Debug|TwinCAT OS (ARMV7-M).ActiveCfg = Debug|TwinCAT OS (ARMV7-M)
		{DD13A3C3-A52D-427B-9C28-DEEA7FCB563F}.Debug|TwinCAT OS (ARMV7-M).Build.0 = Debug|TwinCAT OS (ARMV7-M)
		{DD13A3C3-A52D-427B-9C28-DEEA7FCB563F}.Debug|TwinCAT OS (ARMV8-A).ActiveCfg = Debug|TwinCAT OS (ARMV8-A)
		{DD13A3C3-A52D-427B-9C28-DEEA7FCB563F}.Debug|TwinCAT OS (ARMV8-A).Build.0 = Debug|TwinCAT OS (ARMV8-A)
		{DD13A3C3-A52D-427B-9C28-DEEA7FCB563F}.Debug|TwinCAT OS (x64).ActiveCfg = Debug|TwinCAT OS (x64)
		{DD13A3C3-A52D-427B-9C28-DEEA7FCB563F}.Debug|TwinCAT OS (x64).Build.0 = Debug|TwinCAT OS (x64)
		{DD13A3C3-A52D-427B-9C28-DEEA7FCB563F}.Debug|TwinCAT RT (x64).ActiveCfg = Debug|TwinCAT RT (x64)
		{DD13A3C3-A52D-427B-9C28-DEEA7FCB563F}.Debug|TwinCAT RT (x64).Build.0 = Debug|TwinCAT RT (x64)
		{DD13A3C3-A52D-427B-9C28-DEEA7FCB563F}.Debug|TwinCAT RT (x86).ActiveCfg = Debug|TwinCAT RT (x86)
		{DD13A3C3-A52D-427B-9C28-DEEA7FCB563F}.Debug|TwinCAT RT (x86).Build.0 = Debug|TwinCAT RT (x86)
		{DD13A3C3-A52D-427B-9C28-DEEA7FCB563F}.Release|TwinCAT OS (ARMV7-A).ActiveCfg = Release|TwinCAT OS (ARMV7-A)
		{DD13A3C3-A52D-427B-9C28-DEEA7FCB563F}.Release|TwinCAT OS (ARMV7-A).Build.0 = Release|TwinCAT OS (ARMV7-A)
		{DD13A3C3-A52D-427B-9C28-DEEA7FCB563F}.Release|TwinCAT OS (ARMV7-M).ActiveCfg = Release|TwinCAT OS (ARMV7-M)
		{DD13A3C3-A52D-427B-9C28-DEEA7FCB563F}.Release|TwinCAT OS (ARMV7-M).Build.0 = Release|TwinCAT OS (ARMV7-M)
		{DD13A3C3-A52D-427B-9C28-DEEA7FCB563F}.Release|TwinCAT OS (ARMV8-A).ActiveCfg = Release|TwinCAT OS (ARMV8-A)
		{DD13A3C3-A52D-427B-9C28-DEEA7FCB563F}.Release|TwinCAT OS (ARMV8-A).Build.0 = Release|TwinCAT OS (ARMV8-A)
		{DD13A3C3-A52D-427B-9C28-DEEA7FCB563F}.Release|TwinCAT OS (x64).ActiveCfg = Release|TwinCAT OS (x64)
		{DD13A3C3-A52D-427B-9C28-DEEA7FCB563F}.Release|TwinCAT OS (x64).Build.0 = Release|TwinCAT OS (x64)
		{DD13A3C3-A52D-427B-9C28-DEEA7FCB563F}.Release|TwinCAT RT (x64).ActiveCfg = Release|TwinCAT RT (x64)
		{DD13A3C3-A52D-427B-9C28-DEEA7FCB563F}.Release|TwinCAT RT (x64).Build.0 = Release|TwinCAT RT (x64)
		{DD13A3C3-A52D-427B-9C28-DEEA7FCB563F}.Release|TwinCAT RT (x86).ActiveCfg = Release|TwinCAT RT (x86)
		{DD13A3C3-A52D-427B-9C28-DEEA7FCB563F}.Release|TwinCAT RT (x86).Build.0 = Release|TwinCAT RT (x86)
		{02C9F14D-B64B-4B58-9FDB-3259B715E76E}.Debug|TwinCAT OS (ARMV7-A).ActiveCfg = Debug|TwinCAT OS (ARMV7-A)
		{02C9F14D-B64B-4B58-9FDB-3259B715E76E}.Debug|TwinCAT OS (ARMV7-A).Build.0 = Debug|TwinCAT OS (ARMV7-A)
		{02C9F14D-B64B-4B58-9FDB-3259B715E76E}.Debug|TwinCAT OS (ARMV7-M).ActiveCfg = Debug|TwinCAT OS (ARMV7-M)
		{02C9F14D-B64B-4B58-9FDB-3259B715E76E}.Debug|TwinCAT OS (ARMV7-M).Build.0 = Debug|TwinCAT OS (ARMV7-M)
		{02C9F14D-B64B-4B58-9FDB-3259B715E76E}.Debug|TwinCAT OS (ARMV8-A).ActiveCfg = Debug|TwinCAT OS (ARMV8-A)
		{02C9F14D-B64B-4B58-9FDB-3259B715E76E}.Debug|TwinCAT OS (ARMV8-A).Build.0 = Debug|TwinCAT OS (ARMV8-A)
		{02C9F14D-B64B-4B58-9FDB-3259B715E76E}.Debug|TwinCAT OS (x64).ActiveCfg = Debug|TwinCAT OS (x64)
		{02C9F14D-B64B-4B58-9FDB-3259B715E76E}.Debug|TwinCAT OS (x64).Build.0 = Debug|TwinCAT OS (x64)
		{02C9F14D-B64B-4B58-9FDB-3259B715E76E}.Debug|TwinCAT RT (x64).ActiveCfg = Debug|TwinCAT RT (x64)
		{02C9F14D-B64B-4B58-9FDB-3259B715E76E}.Debug|TwinCAT RT (x64).Build.0 = Debug|TwinCAT RT (x64)
		{02C9F14D-B64B-4B58-9FDB-3259B715E76E}.Debug|TwinCAT RT (x86).ActiveCfg = Debug|TwinCAT RT (x86)
		{02C9F14D-B64B-4B58-9FDB-3259B715E76E}.Debug|TwinCAT RT (x86).Build.0 = Debug|TwinCAT RT (x86)
		{02C9F14D-B64B-4B58-9FDB-3259B715E76E}.Release|TwinCAT OS (ARMV7-A).ActiveCfg = Release|TwinCAT OS (ARMV7-A)
		{02C9F14D-B64B-4B58-9FDB-3259B715E76E}.Release|TwinCAT OS (ARMV7-A).Build.0 = Release|TwinCAT OS (ARMV7-A)
		{02C9F14D-B64B-4B58-9FDB-3259B715E76E}.Release|TwinCAT OS (ARMV7-M).ActiveCfg = Release|TwinCAT OS (ARMV7-M)
		{02C9F14D-B64B-4B58-9FDB-3259B715E76E}.Release|TwinCAT OS (ARMV7-M).Build.0 = Release|TwinCAT OS (ARMV7-M)
		{02C9F14D-B64B-4B58-9FDB-3259B715E76E}.Release|TwinCAT OS (ARMV8-A).ActiveCfg = Release|TwinCAT OS (ARMV8-A)
		{02C9F14D-B64B-4B58-9FDB-3259B715E76E}.Release|TwinCAT OS (ARMV8-A).Build.0 = Release|TwinCAT OS (ARMV8-A)
		{02C9F14D-B64B-4B58-9FDB-3259B715E76E}.Release|TwinCAT OS (x64).ActiveCfg = Release|TwinCAT OS (x64)
		{02C9F14D-B64B-4B58-9FDB-3259B715E76E}.Release|TwinCAT OS (x64).Build.0 = Release|TwinCAT OS (x64)
		{02C9F14D-B64B-4B58-9FDB-3259B715E76E}.Release|TwinCAT RT (x64).ActiveCfg = Release|TwinCAT RT (x64)
		{02C9F14D-B64B-4B58-9FDB-3259B715E76E}.Release|TwinCAT RT (x64).Build.0 = Release|TwinCAT RT (x64)
		{02C9F14D-B64B-4B58-9FDB-3259B715E76E}.Release|TwinCAT RT (x86).ActiveCfg = Release|TwinCAT RT (x86)
		{02C9F14D-B64B-4B58-9FDB-3259B715E76E}.Release|TwinCAT RT (x86).Build.0 = Release|TwinCAT RT (x86)
	EndGlobalSection
	GlobalSection(SolutionProperties) = preSolution
		HideSolutionNode = FALSE
	EndGlobalSection
	GlobalSection(ExtensibilityGlobals) = postSolution
		SolutionGuid = {85AF3854-03F7-4AF7-B8C1-562BAF137A59}
	EndGlobalSection
EndGlobal
